
Microsoft Visual Studio Solution File, Format Version 12.00
# Visual Studio Version 17
VisualStudioVersion = 17.10.35122.118
MinimumVisualStudioVersion = 10.0.40219.1
Project("{FAE04EC0-301F-11D3-BF4B-00C04F79EFBC}") = "SFyCSm016p6e1", "SFyCSm016p6e1\SFyCSm016p6e1.csproj", "{D95E40FB-93FE-4C63-8A13-EB17ACA76044}"
EndProject
Project("{FAE04EC0-301F-11D3-BF4B-00C04F79EFBC}") = "SFyCSm016p6e1.Tests", "SFyCSm016p6e1.Tests\SFyCSm016p6e1.Tests.csproj", "{AF17A322-7BB9-4C1B-9042-053C5DA6FAE5}"
EndProject
Global
	GlobalSection(SolutionConfigurationPlatforms) = preSolution
		Debug|Any CPU = Debug|Any CPU
		Release|Any CPU = Release|Any CPU
	EndGlobalSection
	GlobalSection(ProjectConfigurationPlatforms) = postSolution
		{D95E40FB-93FE-4C63-8A13-EB17ACA76044}.Debug|Any CPU.ActiveCfg = Debug|Any CPU
		{D95E40FB-93FE-4C63-8A13-EB17ACA76044}.Debug|Any CPU.Build.0 = Debug|Any CPU
		{D95E40FB-93FE-4C63-8A13-EB17ACA76044}.Release|Any CPU.ActiveCfg = Release|Any CPU
		{D95E40FB-93FE-4C63-8A13-EB17ACA76044}.Release|Any CPU.Build.0 = Release|Any CPU
		{AF17A322-7BB9-4C1B-9042-053C5DA6FAE5}.Debug|Any CPU.ActiveCfg = Debug|Any CPU
		{AF17A322-7BB9-4C1B-9042-053C5DA6FAE5}.Debug|Any CPU.Build.0 = Debug|Any CPU
		{AF17A322-7BB9-4C1B-9042-053C5DA6FAE5}.Release|Any CPU.ActiveCfg = Release|Any CPU
		{AF17A322-7BB9-4C1B-9042-053C5DA6FAE5}.Release|Any CPU.Build.0 = Release|Any CPU
	EndGlobalSection
	GlobalSection(SolutionProperties) = preSolution
		HideSolutionNode = FALSE
	EndGlobalSection
	GlobalSection(ExtensibilityGlobals) = postSolution
		SolutionGuid = {92DC9EAB-8B6B-4244-816E-2AADF3469160}
	EndGlobalSection
EndGlobal
